
Microsoft Visual Studio Solution File, Format Version 12.00
# Visual Studio Version 17
VisualStudioVersion = 17.8.34330.188
MinimumVisualStudioVersion = 10.0.40219.1
Project("{FAE04EC0-301F-11D3-BF4B-00C04F79EFBC}") = "EcomerceWebAPIs", "EcomerceWebAPIs.csproj", "{2841FBDE-C7F4-4EEC-9F91-466C70F11ED8}"
EndProject
Global
	GlobalSection(SolutionConfigurationPlatforms) = preSolution
		Debug|Any CPU = Debug|Any CPU
		Release|Any CPU = Release|Any CPU
	EndGlobalSection
	GlobalSection(ProjectConfigurationPlatforms) = postSolution
		{2841FBDE-C7F4-4EEC-9F91-466C70F11ED8}.Debug|Any CPU.ActiveCfg = Debug|Any CPU
		{2841FBDE-C7F4-4EEC-9F91-466C70F11ED8}.Debug|Any CPU.Build.0 = Debug|Any CPU
		{2841FBDE-C7F4-4EEC-9F91-466C70F11ED8}.Release|Any CPU.ActiveCfg = Release|Any CPU
		{2841FBDE-C7F4-4EEC-9F91-466C70F11ED8}.Release|Any CPU.Build.0 = Release|Any CPU
	EndGlobalSection
	GlobalSection(SolutionProperties) = preSolution
		HideSolutionNode = FALSE
	EndGlobalSection
	GlobalSection(ExtensibilityGlobals) = postSolution
		SolutionGuid = {674ED7DA-A777-4A51-97E7-A5F9F3678E4A}
	EndGlobalSection
EndGlobal
